// !$*UTF8*$!
{
	archiveVersion = 1;
	classes = {
	};
	objectVersion = 56;
	objects = {

/* Begin PBXBuildFile section */
		BB8B17652C185EE900022A97 /* ApiService.swift in Sources */ = {isa = PBXBuildFile; fileRef = BB8B17642C185EE900022A97 /* ApiService.swift */; };
		BB8B17692C185F3100022A97 /* ApiServiceImpl.swift in Sources */ = {isa = PBXBuildFile; fileRef = BB8B17682C185F3100022A97 /* ApiServiceImpl.swift */; };
		BB8B17732C195B8E00022A97 /* FavouriteMovieModel.swift in Sources */ = {isa = PBXBuildFile; fileRef = BB8B17722C195B8E00022A97 /* FavouriteMovieModel.swift */; };
		BB8B17752C195D7B00022A97 /* LocalClient.swift in Sources */ = {isa = PBXBuildFile; fileRef = BB8B17742C195D7B00022A97 /* LocalClient.swift */; };
		BB8B17782C195F9900022A97 /* FavouriteMoviesViewModel.swift in Sources */ = {isa = PBXBuildFile; fileRef = BB8B17772C195F9900022A97 /* FavouriteMoviesViewModel.swift */; };
		BB8B17802C19634F00022A97 /* ApiClient.swift in Sources */ = {isa = PBXBuildFile; fileRef = BB8B177F2C19634F00022A97 /* ApiClient.swift */; };
		BB8B17842C19637F00022A97 /* LocalService.swift in Sources */ = {isa = PBXBuildFile; fileRef = BB8B17832C19637F00022A97 /* LocalService.swift */; };
		BB8B17862C1963EE00022A97 /* LocalServiceImpl.swift in Sources */ = {isa = PBXBuildFile; fileRef = BB8B17852C1963EE00022A97 /* LocalServiceImpl.swift */; };
		BB8B17882C19652100022A97 /* FavouriteMoviesLocalClient.swift in Sources */ = {isa = PBXBuildFile; fileRef = BB8B17872C19652100022A97 /* FavouriteMoviesLocalClient.swift */; };
		BB8B178A2C196D8800022A97 /* FavouriteMovieListScreen.swift in Sources */ = {isa = PBXBuildFile; fileRef = BB8B17892C196D8800022A97 /* FavouriteMovieListScreen.swift */; };
		BBB0B8002BFE59E1001216D0 /* MovieListScreen.swift in Sources */ = {isa = PBXBuildFile; fileRef = BBB0B7FF2BFE59E1001216D0 /* MovieListScreen.swift */; };
		BBB0B8052BFE5DD1001216D0 /* MovieListResponse.swift in Sources */ = {isa = PBXBuildFile; fileRef = BBB0B8042BFE5DD1001216D0 /* MovieListResponse.swift */; };
		BBB0B8082BFE5E85001216D0 /* DummyMovieRepositoy.swift in Sources */ = {isa = PBXBuildFile; fileRef = BBB0B8072BFE5E85001216D0 /* DummyMovieRepositoy.swift */; };
		BBB0B80B2BFE65AE001216D0 /* MovieDetailsResponse.swift in Sources */ = {isa = PBXBuildFile; fileRef = BBB0B80A2BFE65AE001216D0 /* MovieDetailsResponse.swift */; };
		BBB0B80D2BFE6616001216D0 /* BaseResponse.swift in Sources */ = {isa = PBXBuildFile; fileRef = BBB0B80C2BFE6616001216D0 /* BaseResponse.swift */; };
		BBB0B8122BFE6A74001216D0 /* MovieListItemModel.swift in Sources */ = {isa = PBXBuildFile; fileRef = BBB0B8112BFE6A74001216D0 /* MovieListItemModel.swift */; };
		BBB0B8142BFE6B93001216D0 /* MovieDetailsModel.swift in Sources */ = {isa = PBXBuildFile; fileRef = BBB0B8132BFE6B93001216D0 /* MovieDetailsModel.swift */; };
		BBB0B8162BFE6EA5001216D0 /* MovieGenre.swift in Sources */ = {isa = PBXBuildFile; fileRef = BBB0B8152BFE6EA5001216D0 /* MovieGenre.swift */; };
		BBB0B8192BFE6F94001216D0 /* MovieRepository.swift in Sources */ = {isa = PBXBuildFile; fileRef = BBB0B8182BFE6F94001216D0 /* MovieRepository.swift */; };
		BBB0B81B2BFE7516001216D0 /* MovieRepositoryImpl.swift in Sources */ = {isa = PBXBuildFile; fileRef = BBB0B81A2BFE7516001216D0 /* MovieRepositoryImpl.swift */; };
		BBB0B81D2BFE7CA0001216D0 /* MovieListViewModel.swift in Sources */ = {isa = PBXBuildFile; fileRef = BBB0B81C2BFE7CA0001216D0 /* MovieListViewModel.swift */; };
		BBB0B81F2BFE9351001216D0 /* MovieSlider.swift in Sources */ = {isa = PBXBuildFile; fileRef = BBB0B81E2BFE9351001216D0 /* MovieSlider.swift */; };
		BBB0B8222BFE9AE8001216D0 /* MovieDetailsViewModel.swift in Sources */ = {isa = PBXBuildFile; fileRef = BBB0B8212BFE9AE8001216D0 /* MovieDetailsViewModel.swift */; };
		BBB0B8242BFE9C0E001216D0 /* MovieDetailsScreen.swift in Sources */ = {isa = PBXBuildFile; fileRef = BBB0B8232BFE9C0E001216D0 /* MovieDetailsScreen.swift */; };
		BBB0B8332C03D338001216D0 /* DiModule.swift in Sources */ = {isa = PBXBuildFile; fileRef = BBB0B8322C03D338001216D0 /* DiModule.swift */; };
		BBE52C502C0A3A52003D8029 /* DiContainer.swift in Sources */ = {isa = PBXBuildFile; fileRef = BBE52C4F2C0A3A52003D8029 /* DiContainer.swift */; };
		BBE52C532C0A5589003D8029 /* MovieSearchScreen.swift in Sources */ = {isa = PBXBuildFile; fileRef = BBE52C522C0A5589003D8029 /* MovieSearchScreen.swift */; };
		BBE52C552C0A579D003D8029 /* MovieSearchViewModel.swift in Sources */ = {isa = PBXBuildFile; fileRef = BBE52C542C0A579D003D8029 /* MovieSearchViewModel.swift */; };
		BBE52C592C0A5AF1003D8029 /* Debouncer.swift in Sources */ = {isa = PBXBuildFile; fileRef = BBE52C582C0A5AF1003D8029 /* Debouncer.swift */; };
		BBE52C5B2C0B24F7003D8029 /* VisualEffectView.swift in Sources */ = {isa = PBXBuildFile; fileRef = BBE52C5A2C0B24F7003D8029 /* VisualEffectView.swift */; };
		BBE52C642C0B8229003D8029 /* Route.swift in Sources */ = {isa = PBXBuildFile; fileRef = BBE52C632C0B8229003D8029 /* Route.swift */; };
		BBE52C662C0B82D0003D8029 /* NavigationViewModel.swift in Sources */ = {isa = PBXBuildFile; fileRef = BBE52C652C0B82D0003D8029 /* NavigationViewModel.swift */; };
		BBE52C682C0B906E003D8029 /* AppRouter.swift in Sources */ = {isa = PBXBuildFile; fileRef = BBE52C672C0B906E003D8029 /* AppRouter.swift */; };
		BBE52C6E2C0C86E5003D8029 /* ApiClientImpl.swift in Sources */ = {isa = PBXBuildFile; fileRef = BBE52C6D2C0C86E5003D8029 /* ApiClientImpl.swift */; };
		BBE52C702C0C8777003D8029 /* ApiClientError.swift in Sources */ = {isa = PBXBuildFile; fileRef = BBE52C6F2C0C8777003D8029 /* ApiClientError.swift */; };
		BBFC9DA42BF9DE46005C1BFF /* MainApp.swift in Sources */ = {isa = PBXBuildFile; fileRef = BBFC9DA32BF9DE46005C1BFF /* MainApp.swift */; };
		BBFC9DA82BF9DE47005C1BFF /* Assets.xcassets in Resources */ = {isa = PBXBuildFile; fileRef = BBFC9DA72BF9DE47005C1BFF /* Assets.xcassets */; };
		BBFC9DAB2BF9DE47005C1BFF /* Preview Assets.xcassets in Resources */ = {isa = PBXBuildFile; fileRef = BBFC9DAA2BF9DE47005C1BFF /* Preview Assets.xcassets */; };
		BBFC9DB32BF9E01D005C1BFF /* HomeScreen.swift in Sources */ = {isa = PBXBuildFile; fileRef = BBFC9DB22BF9E01D005C1BFF /* HomeScreen.swift */; };
		BBFC9DB62BF9E515005C1BFF /* HomeViewModel.swift in Sources */ = {isa = PBXBuildFile; fileRef = BBFC9DB52BF9E515005C1BFF /* HomeViewModel.swift */; };
		BBFC9DBB2BF9FAE7005C1BFF /* LoginViewModel.swift in Sources */ = {isa = PBXBuildFile; fileRef = BBFC9DBA2BF9FAE7005C1BFF /* LoginViewModel.swift */; };
		BBFC9DBD2BF9FC07005C1BFF /* LoginScreen.swift in Sources */ = {isa = PBXBuildFile; fileRef = BBFC9DBC2BF9FC07005C1BFF /* LoginScreen.swift */; };
		BBFC9DBF2BFA1396005C1BFF /* EmailValidator.swift in Sources */ = {isa = PBXBuildFile; fileRef = BBFC9DBE2BFA1396005C1BFF /* EmailValidator.swift */; };
		BBFC9DC12BFA13CC005C1BFF /* PasswordValidator.swift in Sources */ = {isa = PBXBuildFile; fileRef = BBFC9DC02BFA13CC005C1BFF /* PasswordValidator.swift */; };
/* End PBXBuildFile section */

/* Begin PBXFileReference section */
		BB8B17642C185EE900022A97 /* ApiService.swift */ = {isa = PBXFileReference; lastKnownFileType = sourcecode.swift; path = ApiService.swift; sourceTree = "<group>"; };
		BB8B17682C185F3100022A97 /* ApiServiceImpl.swift */ = {isa = PBXFileReference; lastKnownFileType = sourcecode.swift; path = ApiServiceImpl.swift; sourceTree = "<group>"; };
		BB8B17722C195B8E00022A97 /* FavouriteMovieModel.swift */ = {isa = PBXFileReference; lastKnownFileType = sourcecode.swift; path = FavouriteMovieModel.swift; sourceTree = "<group>"; };
		BB8B17742C195D7B00022A97 /* LocalClient.swift */ = {isa = PBXFileReference; lastKnownFileType = sourcecode.swift; path = LocalClient.swift; sourceTree = "<group>"; };
		BB8B17772C195F9900022A97 /* FavouriteMoviesViewModel.swift */ = {isa = PBXFileReference; lastKnownFileType = sourcecode.swift; path = FavouriteMoviesViewModel.swift; sourceTree = "<group>"; };
		BB8B177F2C19634F00022A97 /* ApiClient.swift */ = {isa = PBXFileReference; fileEncoding = 4; lastKnownFileType = sourcecode.swift; name = ApiClient.swift; path = ../../../../../../../.Trash/ApiClient.swift; sourceTree = "<group>"; };
		BB8B17832C19637F00022A97 /* LocalService.swift */ = {isa = PBXFileReference; lastKnownFileType = sourcecode.swift; path = LocalService.swift; sourceTree = "<group>"; };
		BB8B17852C1963EE00022A97 /* LocalServiceImpl.swift */ = {isa = PBXFileReference; lastKnownFileType = sourcecode.swift; path = LocalServiceImpl.swift; sourceTree = "<group>"; };
		BB8B17872C19652100022A97 /* FavouriteMoviesLocalClient.swift */ = {isa = PBXFileReference; lastKnownFileType = sourcecode.swift; path = FavouriteMoviesLocalClient.swift; sourceTree = "<group>"; };
		BB8B17892C196D8800022A97 /* FavouriteMovieListScreen.swift */ = {isa = PBXFileReference; lastKnownFileType = sourcecode.swift; path = FavouriteMovieListScreen.swift; sourceTree = "<group>"; };
		BBB0B7FF2BFE59E1001216D0 /* MovieListScreen.swift */ = {isa = PBXFileReference; lastKnownFileType = sourcecode.swift; path = MovieListScreen.swift; sourceTree = "<group>"; };
		BBB0B8042BFE5DD1001216D0 /* MovieListResponse.swift */ = {isa = PBXFileReference; lastKnownFileType = sourcecode.swift; path = MovieListResponse.swift; sourceTree = "<group>"; };
		BBB0B8072BFE5E85001216D0 /* DummyMovieRepositoy.swift */ = {isa = PBXFileReference; lastKnownFileType = sourcecode.swift; path = DummyMovieRepositoy.swift; sourceTree = "<group>"; };
		BBB0B80A2BFE65AE001216D0 /* MovieDetailsResponse.swift */ = {isa = PBXFileReference; lastKnownFileType = sourcecode.swift; path = MovieDetailsResponse.swift; sourceTree = "<group>"; };
		BBB0B80C2BFE6616001216D0 /* BaseResponse.swift */ = {isa = PBXFileReference; lastKnownFileType = sourcecode.swift; path = BaseResponse.swift; sourceTree = "<group>"; };
		BBB0B8112BFE6A74001216D0 /* MovieListItemModel.swift */ = {isa = PBXFileReference; lastKnownFileType = sourcecode.swift; path = MovieListItemModel.swift; sourceTree = "<group>"; };
		BBB0B8132BFE6B93001216D0 /* MovieDetailsModel.swift */ = {isa = PBXFileReference; lastKnownFileType = sourcecode.swift; path = MovieDetailsModel.swift; sourceTree = "<group>"; };
		BBB0B8152BFE6EA5001216D0 /* MovieGenre.swift */ = {isa = PBXFileReference; lastKnownFileType = sourcecode.swift; path = MovieGenre.swift; sourceTree = "<group>"; };
		BBB0B8182BFE6F94001216D0 /* MovieRepository.swift */ = {isa = PBXFileReference; lastKnownFileType = sourcecode.swift; path = MovieRepository.swift; sourceTree = "<group>"; };
		BBB0B81A2BFE7516001216D0 /* MovieRepositoryImpl.swift */ = {isa = PBXFileReference; lastKnownFileType = sourcecode.swift; path = MovieRepositoryImpl.swift; sourceTree = "<group>"; };
		BBB0B81C2BFE7CA0001216D0 /* MovieListViewModel.swift */ = {isa = PBXFileReference; lastKnownFileType = sourcecode.swift; path = MovieListViewModel.swift; sourceTree = "<group>"; };
		BBB0B81E2BFE9351001216D0 /* MovieSlider.swift */ = {isa = PBXFileReference; lastKnownFileType = sourcecode.swift; path = MovieSlider.swift; sourceTree = "<group>"; };
		BBB0B8212BFE9AE8001216D0 /* MovieDetailsViewModel.swift */ = {isa = PBXFileReference; lastKnownFileType = sourcecode.swift; path = MovieDetailsViewModel.swift; sourceTree = "<group>"; };
		BBB0B8232BFE9C0E001216D0 /* MovieDetailsScreen.swift */ = {isa = PBXFileReference; lastKnownFileType = sourcecode.swift; path = MovieDetailsScreen.swift; sourceTree = "<group>"; };
		BBB0B8322C03D338001216D0 /* DiModule.swift */ = {isa = PBXFileReference; lastKnownFileType = sourcecode.swift; path = DiModule.swift; sourceTree = "<group>"; };
		BBE52C4F2C0A3A52003D8029 /* DiContainer.swift */ = {isa = PBXFileReference; lastKnownFileType = sourcecode.swift; path = DiContainer.swift; sourceTree = "<group>"; };
		BBE52C522C0A5589003D8029 /* MovieSearchScreen.swift */ = {isa = PBXFileReference; lastKnownFileType = sourcecode.swift; path = MovieSearchScreen.swift; sourceTree = "<group>"; };
		BBE52C542C0A579D003D8029 /* MovieSearchViewModel.swift */ = {isa = PBXFileReference; lastKnownFileType = sourcecode.swift; path = MovieSearchViewModel.swift; sourceTree = "<group>"; };
		BBE52C582C0A5AF1003D8029 /* Debouncer.swift */ = {isa = PBXFileReference; lastKnownFileType = sourcecode.swift; path = Debouncer.swift; sourceTree = "<group>"; };
		BBE52C5A2C0B24F7003D8029 /* VisualEffectView.swift */ = {isa = PBXFileReference; lastKnownFileType = sourcecode.swift; path = VisualEffectView.swift; sourceTree = "<group>"; };
		BBE52C632C0B8229003D8029 /* Route.swift */ = {isa = PBXFileReference; lastKnownFileType = sourcecode.swift; path = Route.swift; sourceTree = "<group>"; };
		BBE52C652C0B82D0003D8029 /* NavigationViewModel.swift */ = {isa = PBXFileReference; lastKnownFileType = sourcecode.swift; path = NavigationViewModel.swift; sourceTree = "<group>"; };
		BBE52C672C0B906E003D8029 /* AppRouter.swift */ = {isa = PBXFileReference; lastKnownFileType = sourcecode.swift; path = AppRouter.swift; sourceTree = "<group>"; };
		BBE52C6D2C0C86E5003D8029 /* ApiClientImpl.swift */ = {isa = PBXFileReference; lastKnownFileType = sourcecode.swift; path = ApiClientImpl.swift; sourceTree = "<group>"; };
		BBE52C6F2C0C8777003D8029 /* ApiClientError.swift */ = {isa = PBXFileReference; lastKnownFileType = sourcecode.swift; path = ApiClientError.swift; sourceTree = "<group>"; };
		BBFC9DA02BF9DE46005C1BFF /* hello_ios.app */ = {isa = PBXFileReference; explicitFileType = wrapper.application; includeInIndex = 0; path = hello_ios.app; sourceTree = BUILT_PRODUCTS_DIR; };
		BBFC9DA32BF9DE46005C1BFF /* MainApp.swift */ = {isa = PBXFileReference; lastKnownFileType = sourcecode.swift; path = MainApp.swift; sourceTree = "<group>"; };
		BBFC9DA72BF9DE47005C1BFF /* Assets.xcassets */ = {isa = PBXFileReference; lastKnownFileType = folder.assetcatalog; path = Assets.xcassets; sourceTree = "<group>"; };
		BBFC9DAA2BF9DE47005C1BFF /* Preview Assets.xcassets */ = {isa = PBXFileReference; lastKnownFileType = folder.assetcatalog; path = "Preview Assets.xcassets"; sourceTree = "<group>"; };
		BBFC9DB22BF9E01D005C1BFF /* HomeScreen.swift */ = {isa = PBXFileReference; lastKnownFileType = sourcecode.swift; path = HomeScreen.swift; sourceTree = "<group>"; };
		BBFC9DB52BF9E515005C1BFF /* HomeViewModel.swift */ = {isa = PBXFileReference; lastKnownFileType = sourcecode.swift; path = HomeViewModel.swift; sourceTree = "<group>"; };
		BBFC9DBA2BF9FAE7005C1BFF /* LoginViewModel.swift */ = {isa = PBXFileReference; lastKnownFileType = sourcecode.swift; path = LoginViewModel.swift; sourceTree = "<group>"; };
		BBFC9DBC2BF9FC07005C1BFF /* LoginScreen.swift */ = {isa = PBXFileReference; lastKnownFileType = sourcecode.swift; path = LoginScreen.swift; sourceTree = "<group>"; };
		BBFC9DBE2BFA1396005C1BFF /* EmailValidator.swift */ = {isa = PBXFileReference; lastKnownFileType = sourcecode.swift; path = EmailValidator.swift; sourceTree = "<group>"; };
		BBFC9DC02BFA13CC005C1BFF /* PasswordValidator.swift */ = {isa = PBXFileReference; lastKnownFileType = sourcecode.swift; path = PasswordValidator.swift; sourceTree = "<group>"; };
/* End PBXFileReference section */

/* Begin PBXFrameworksBuildPhase section */
		BBFC9D9D2BF9DE46005C1BFF /* Frameworks */ = {
			isa = PBXFrameworksBuildPhase;
			buildActionMask = 2147483647;
			files = (
			);
			runOnlyForDeploymentPostprocessing = 0;
		};
/* End PBXFrameworksBuildPhase section */

/* Begin PBXGroup section */
		BB8B17662C185F0E00022A97 /* client */ = {
			isa = PBXGroup;
			children = (
				BBE52C6D2C0C86E5003D8029 /* ApiClientImpl.swift */,
				BBE52C6F2C0C8777003D8029 /* ApiClientError.swift */,
			);
			path = client;
			sourceTree = "<group>";
		};
		BB8B17672C185F1E00022A97 /* service */ = {
			isa = PBXGroup;
			children = (
				BB8B17682C185F3100022A97 /* ApiServiceImpl.swift */,
			);
			path = service;
			sourceTree = "<group>";
		};
		BB8B176C2C19510F00022A97 /* remote */ = {
			isa = PBXGroup;
			children = (
				BB8B176E2C19514100022A97 /* client */,
				BB8B176D2C19512100022A97 /* service */,
			);
			path = remote;
			sourceTree = "<group>";
		};
		BB8B176D2C19512100022A97 /* service */ = {
			isa = PBXGroup;
			children = (
				BB8B17642C185EE900022A97 /* ApiService.swift */,
			);
			path = service;
			sourceTree = "<group>";
		};
		BB8B176E2C19514100022A97 /* client */ = {
			isa = PBXGroup;
			children = (
				BB8B177F2C19634F00022A97 /* ApiClient.swift */,
			);
			path = client;
			sourceTree = "<group>";
		};
		BB8B176F2C195B2F00022A97 /* local */ = {
			isa = PBXGroup;
			children = (
				BB8B17822C19636900022A97 /* service */,
				BB8B17812C19636300022A97 /* client */,
			);
			path = local;
			sourceTree = "<group>";
		};
		BB8B17702C195B3B00022A97 /* local */ = {
			isa = PBXGroup;
			children = (
				BB8B177C2C1962B100022A97 /* service */,
				BB8B177B2C19627D00022A97 /* client */,
			);
			path = local;
			sourceTree = "<group>";
		};
		BB8B17712C195B4B00022A97 /* swiftData */ = {
			isa = PBXGroup;
			children = (
				BB8B17722C195B8E00022A97 /* FavouriteMovieModel.swift */,
			);
			path = swiftData;
			sourceTree = "<group>";
		};
		BB8B17762C195F8400022A97 /* favourite */ = {
			isa = PBXGroup;
			children = (
				BB8B17772C195F9900022A97 /* FavouriteMoviesViewModel.swift */,
				BB8B17892C196D8800022A97 /* FavouriteMovieListScreen.swift */,
			);
			path = favourite;
			sourceTree = "<group>";
		};
		BB8B177B2C19627D00022A97 /* client */ = {
			isa = PBXGroup;
			children = (
				BB8B17742C195D7B00022A97 /* LocalClient.swift */,
				BB8B17872C19652100022A97 /* FavouriteMoviesLocalClient.swift */,
			);
			path = client;
			sourceTree = "<group>";
		};
		BB8B177C2C1962B100022A97 /* service */ = {
			isa = PBXGroup;
			children = (
				BB8B17852C1963EE00022A97 /* LocalServiceImpl.swift */,
			);
			path = service;
			sourceTree = "<group>";
		};
		BB8B17812C19636300022A97 /* client */ = {
			isa = PBXGroup;
			children = (
			);
			path = client;
			sourceTree = "<group>";
		};
		BB8B17822C19636900022A97 /* service */ = {
			isa = PBXGroup;
			children = (
				BB8B17832C19637F00022A97 /* LocalService.swift */,
			);
			path = service;
			sourceTree = "<group>";
		};
		BBB0B7FE2BFE59C6001216D0 /* movieList */ = {
			isa = PBXGroup;
			children = (
				BBB0B7FF2BFE59E1001216D0 /* MovieListScreen.swift */,
				BBB0B81C2BFE7CA0001216D0 /* MovieListViewModel.swift */,
				BBB0B81E2BFE9351001216D0 /* MovieSlider.swift */,
			);
			path = movieList;
			sourceTree = "<group>";
		};
		BBB0B8022BFE5DBF001216D0 /* data */ = {
			isa = PBXGroup;
			children = (
				BB8B17702C195B3B00022A97 /* local */,
				BBE52C6A2C0C843A003D8029 /* remote */,
				BBB0B8062BFE5E76001216D0 /* repository */,
				BBB0B8032BFE5DC5001216D0 /* model */,
			);
			path = data;
			sourceTree = "<group>";
		};
		BBB0B8032BFE5DC5001216D0 /* model */ = {
			isa = PBXGroup;
			children = (
				BB8B17712C195B4B00022A97 /* swiftData */,
				BBB0B8092BFE5EB1001216D0 /* response */,
			);
			path = model;
			sourceTree = "<group>";
		};
		BBB0B8062BFE5E76001216D0 /* repository */ = {
			isa = PBXGroup;
			children = (
				BBB0B8072BFE5E85001216D0 /* DummyMovieRepositoy.swift */,
				BBB0B81A2BFE7516001216D0 /* MovieRepositoryImpl.swift */,
			);
			path = repository;
			sourceTree = "<group>";
		};
		BBB0B8092BFE5EB1001216D0 /* response */ = {
			isa = PBXGroup;
			children = (
				BBB0B8042BFE5DD1001216D0 /* MovieListResponse.swift */,
				BBB0B80A2BFE65AE001216D0 /* MovieDetailsResponse.swift */,
				BBB0B80C2BFE6616001216D0 /* BaseResponse.swift */,
			);
			path = response;
			sourceTree = "<group>";
		};
		BBB0B80E2BFE6A33001216D0 /* domain */ = {
			isa = PBXGroup;
			children = (
				BB8B176F2C195B2F00022A97 /* local */,
				BB8B176C2C19510F00022A97 /* remote */,
				BBB0B8172BFE6F84001216D0 /* repository */,
				BBB0B80F2BFE6A3B001216D0 /* model */,
			);
			path = domain;
			sourceTree = "<group>";
		};
		BBB0B80F2BFE6A3B001216D0 /* model */ = {
			isa = PBXGroup;
			children = (
				BBB0B8112BFE6A74001216D0 /* MovieListItemModel.swift */,
				BBB0B8132BFE6B93001216D0 /* MovieDetailsModel.swift */,
				BBB0B8152BFE6EA5001216D0 /* MovieGenre.swift */,
			);
			path = model;
			sourceTree = "<group>";
		};
		BBB0B8172BFE6F84001216D0 /* repository */ = {
			isa = PBXGroup;
			children = (
				BBB0B8182BFE6F94001216D0 /* MovieRepository.swift */,
			);
			path = repository;
			sourceTree = "<group>";
		};
		BBB0B8202BFE9AD8001216D0 /* movieDetails */ = {
			isa = PBXGroup;
			children = (
				BBB0B8212BFE9AE8001216D0 /* MovieDetailsViewModel.swift */,
				BBB0B8232BFE9C0E001216D0 /* MovieDetailsScreen.swift */,
			);
			path = movieDetails;
			sourceTree = "<group>";
		};
		BBB0B8292C03CF09001216D0 /* di */ = {
			isa = PBXGroup;
			children = (
				BBB0B8322C03D338001216D0 /* DiModule.swift */,
				BBE52C4F2C0A3A52003D8029 /* DiContainer.swift */,
			);
			path = di;
			sourceTree = "<group>";
		};
		BBE52C512C0A555C003D8029 /* movieSearch */ = {
			isa = PBXGroup;
			children = (
				BBE52C522C0A5589003D8029 /* MovieSearchScreen.swift */,
				BBE52C542C0A579D003D8029 /* MovieSearchViewModel.swift */,
			);
			path = movieSearch;
			sourceTree = "<group>";
		};
		BBE52C562C0A5ADB003D8029 /* core */ = {
			isa = PBXGroup;
			children = (
				BBE52C572C0A5AE6003D8029 /* util */,
			);
			path = core;
			sourceTree = "<group>";
		};
		BBE52C572C0A5AE6003D8029 /* util */ = {
			isa = PBXGroup;
			children = (
				BBE52C582C0A5AF1003D8029 /* Debouncer.swift */,
				BBE52C5A2C0B24F7003D8029 /* VisualEffectView.swift */,
			);
			path = util;
			sourceTree = "<group>";
		};
		BBE52C612C0B7F04003D8029 /* presentation */ = {
			isa = PBXGroup;
			children = (
				BBE52C692C0B9276003D8029 /* feature */,
				BBE52C622C0B8218003D8029 /* navigation */,
				BBFC9DA32BF9DE46005C1BFF /* MainApp.swift */,
			);
			path = presentation;
			sourceTree = "<group>";
		};
		BBE52C622C0B8218003D8029 /* navigation */ = {
			isa = PBXGroup;
			children = (
				BBE52C672C0B906E003D8029 /* AppRouter.swift */,
				BBE52C632C0B8229003D8029 /* Route.swift */,
				BBE52C652C0B82D0003D8029 /* NavigationViewModel.swift */,
			);
			path = navigation;
			sourceTree = "<group>";
		};
		BBE52C692C0B9276003D8029 /* feature */ = {
			isa = PBXGroup;
			children = (
				BBFC9DB92BF9FAC9005C1BFF /* login */,
				BBFC9DB42BF9E4F9005C1BFF /* home */,
			);
			path = feature;
			sourceTree = "<group>";
		};
		BBE52C6A2C0C843A003D8029 /* remote */ = {
			isa = PBXGroup;
			children = (
				BB8B17672C185F1E00022A97 /* service */,
				BB8B17662C185F0E00022A97 /* client */,
			);
			path = remote;
			sourceTree = "<group>";
		};
		BBFC9D972BF9DE46005C1BFF = {
			isa = PBXGroup;
			children = (
				BBFC9DA22BF9DE46005C1BFF /* hello_ios */,
				BBFC9DA12BF9DE46005C1BFF /* Products */,
			);
			sourceTree = "<group>";
		};
		BBFC9DA12BF9DE46005C1BFF /* Products */ = {
			isa = PBXGroup;
			children = (
				BBFC9DA02BF9DE46005C1BFF /* hello_ios.app */,
			);
			name = Products;
			sourceTree = "<group>";
		};
		BBFC9DA22BF9DE46005C1BFF /* hello_ios */ = {
			isa = PBXGroup;
			children = (
				BBFC9DA72BF9DE47005C1BFF /* Assets.xcassets */,
				BBE52C562C0A5ADB003D8029 /* core */,
				BBB0B8022BFE5DBF001216D0 /* data */,
				BBB0B8292C03CF09001216D0 /* di */,
				BBB0B80E2BFE6A33001216D0 /* domain */,
				BBE52C612C0B7F04003D8029 /* presentation */,
				BBFC9DA92BF9DE47005C1BFF /* Preview Content */,
			);
			path = hello_ios;
			sourceTree = "<group>";
		};
		BBFC9DA92BF9DE47005C1BFF /* Preview Content */ = {
			isa = PBXGroup;
			children = (
				BBFC9DAA2BF9DE47005C1BFF /* Preview Assets.xcassets */,
			);
			path = "Preview Content";
			sourceTree = "<group>";
		};
		BBFC9DB42BF9E4F9005C1BFF /* home */ = {
			isa = PBXGroup;
			children = (
				BB8B17762C195F8400022A97 /* favourite */,
				BBE52C512C0A555C003D8029 /* movieSearch */,
				BBB0B8202BFE9AD8001216D0 /* movieDetails */,
				BBB0B7FE2BFE59C6001216D0 /* movieList */,
				BBFC9DB22BF9E01D005C1BFF /* HomeScreen.swift */,
				BBFC9DB52BF9E515005C1BFF /* HomeViewModel.swift */,
			);
			path = home;
			sourceTree = "<group>";
		};
		BBFC9DB92BF9FAC9005C1BFF /* login */ = {
			isa = PBXGroup;
			children = (
				BBFC9DBA2BF9FAE7005C1BFF /* LoginViewModel.swift */,
				BBFC9DBC2BF9FC07005C1BFF /* LoginScreen.swift */,
				BBFC9DBE2BFA1396005C1BFF /* EmailValidator.swift */,
				BBFC9DC02BFA13CC005C1BFF /* PasswordValidator.swift */,
			);
			path = login;
			sourceTree = "<group>";
		};
/* End PBXGroup section */

/* Begin PBXNativeTarget section */
		BBFC9D9F2BF9DE46005C1BFF /* hello_ios */ = {
			isa = PBXNativeTarget;
			buildConfigurationList = BBFC9DAE2BF9DE47005C1BFF /* Build configuration list for PBXNativeTarget "hello_ios" */;
			buildPhases = (
				BBFC9D9C2BF9DE46005C1BFF /* Sources */,
				BBFC9D9D2BF9DE46005C1BFF /* Frameworks */,
				BBFC9D9E2BF9DE46005C1BFF /* Resources */,
			);
			buildRules = (
			);
			dependencies = (
			);
			name = hello_ios;
			productName = hello_ios;
			productReference = BBFC9DA02BF9DE46005C1BFF /* hello_ios.app */;
			productType = "com.apple.product-type.application";
		};
/* End PBXNativeTarget section */

/* Begin PBXProject section */
		BBFC9D982BF9DE46005C1BFF /* Project object */ = {
			isa = PBXProject;
			attributes = {
				BuildIndependentTargetsInParallel = 1;
				LastSwiftUpdateCheck = 1500;
				LastUpgradeCheck = 1500;
				TargetAttributes = {
					BBFC9D9F2BF9DE46005C1BFF = {
						CreatedOnToolsVersion = 15.0;
					};
				};
			};
			buildConfigurationList = BBFC9D9B2BF9DE46005C1BFF /* Build configuration list for PBXProject "hello_ios" */;
			compatibilityVersion = "Xcode 14.0";
			developmentRegion = en;
			hasScannedForEncodings = 0;
			knownRegions = (
				en,
				Base,
			);
			mainGroup = BBFC9D972BF9DE46005C1BFF;
			productRefGroup = BBFC9DA12BF9DE46005C1BFF /* Products */;
			projectDirPath = "";
			projectRoot = "";
			targets = (
				BBFC9D9F2BF9DE46005C1BFF /* hello_ios */,
			);
		};
/* End PBXProject section */

/* Begin PBXResourcesBuildPhase section */
		BBFC9D9E2BF9DE46005C1BFF /* Resources */ = {
			isa = PBXResourcesBuildPhase;
			buildActionMask = 2147483647;
			files = (
				BBFC9DAB2BF9DE47005C1BFF /* Preview Assets.xcassets in Resources */,
				BBFC9DA82BF9DE47005C1BFF /* Assets.xcassets in Resources */,
			);
			runOnlyForDeploymentPostprocessing = 0;
		};
/* End PBXResourcesBuildPhase section */

/* Begin PBXSourcesBuildPhase section */
		BBFC9D9C2BF9DE46005C1BFF /* Sources */ = {
			isa = PBXSourcesBuildPhase;
			buildActionMask = 2147483647;
			files = (
				BBE52C552C0A579D003D8029 /* MovieSearchViewModel.swift in Sources */,
				BB8B17882C19652100022A97 /* FavouriteMoviesLocalClient.swift in Sources */,
				BBE52C702C0C8777003D8029 /* ApiClientError.swift in Sources */,
				BB8B17752C195D7B00022A97 /* LocalClient.swift in Sources */,
				BB8B17652C185EE900022A97 /* ApiService.swift in Sources */,
				BBB0B8222BFE9AE8001216D0 /* MovieDetailsViewModel.swift in Sources */,
				BBFC9DC12BFA13CC005C1BFF /* PasswordValidator.swift in Sources */,
				BBFC9DBB2BF9FAE7005C1BFF /* LoginViewModel.swift in Sources */,
				BBB0B8052BFE5DD1001216D0 /* MovieListResponse.swift in Sources */,
				BBB0B81B2BFE7516001216D0 /* MovieRepositoryImpl.swift in Sources */,
				BBE52C502C0A3A52003D8029 /* DiContainer.swift in Sources */,
				BBE52C642C0B8229003D8029 /* Route.swift in Sources */,
				BBE52C682C0B906E003D8029 /* AppRouter.swift in Sources */,
				BBB0B8082BFE5E85001216D0 /* DummyMovieRepositoy.swift in Sources */,
				BBB0B8192BFE6F94001216D0 /* MovieRepository.swift in Sources */,
				BBE52C532C0A5589003D8029 /* MovieSearchScreen.swift in Sources */,
				BBB0B81D2BFE7CA0001216D0 /* MovieListViewModel.swift in Sources */,
				BBFC9DA42BF9DE46005C1BFF /* MainApp.swift in Sources */,
				BB8B17692C185F3100022A97 /* ApiServiceImpl.swift in Sources */,
				BB8B17802C19634F00022A97 /* ApiClient.swift in Sources */,
				BBB0B8332C03D338001216D0 /* DiModule.swift in Sources */,
				BBB0B8142BFE6B93001216D0 /* MovieDetailsModel.swift in Sources */,
				BBB0B80B2BFE65AE001216D0 /* MovieDetailsResponse.swift in Sources */,
				BBB0B8242BFE9C0E001216D0 /* MovieDetailsScreen.swift in Sources */,
				BBFC9DB32BF9E01D005C1BFF /* HomeScreen.swift in Sources */,
				BBB0B8002BFE59E1001216D0 /* MovieListScreen.swift in Sources */,
				BBB0B8122BFE6A74001216D0 /* MovieListItemModel.swift in Sources */,
				BBFC9DB62BF9E515005C1BFF /* HomeViewModel.swift in Sources */,
				BBE52C5B2C0B24F7003D8029 /* VisualEffectView.swift in Sources */,
				BBB0B8162BFE6EA5001216D0 /* MovieGenre.swift in Sources */,
				BB8B17862C1963EE00022A97 /* LocalServiceImpl.swift in Sources */,
				BBE52C6E2C0C86E5003D8029 /* ApiClientImpl.swift in Sources */,
				BBE52C662C0B82D0003D8029 /* NavigationViewModel.swift in Sources */,
				BB8B17782C195F9900022A97 /* FavouriteMoviesViewModel.swift in Sources */,
				BB8B178A2C196D8800022A97 /* FavouriteMovieListScreen.swift in Sources */,
				BB8B17842C19637F00022A97 /* LocalService.swift in Sources */,
				BBFC9DBD2BF9FC07005C1BFF /* LoginScreen.swift in Sources */,
				BBFC9DBF2BFA1396005C1BFF /* EmailValidator.swift in Sources */,
				BBE52C592C0A5AF1003D8029 /* Debouncer.swift in Sources */,
				BBB0B80D2BFE6616001216D0 /* BaseResponse.swift in Sources */,
				BB8B17732C195B8E00022A97 /* FavouriteMovieModel.swift in Sources */,
				BBB0B81F2BFE9351001216D0 /* MovieSlider.swift in Sources */,
			);
			runOnlyForDeploymentPostprocessing = 0;
		};
/* End PBXSourcesBuildPhase section */

/* Begin XCBuildConfiguration section */
		BBFC9DAC2BF9DE47005C1BFF /* Debug */ = {
			isa = XCBuildConfiguration;
			buildSettings = {
				ALWAYS_SEARCH_USER_PATHS = NO;
				ASSETCATALOG_COMPILER_GENERATE_SWIFT_ASSET_SYMBOL_EXTENSIONS = YES;
				CLANG_ANALYZER_NONNULL = YES;
				CLANG_ANALYZER_NUMBER_OBJECT_CONVERSION = YES_AGGRESSIVE;
				CLANG_CXX_LANGUAGE_STANDARD = "gnu++20";
				CLANG_ENABLE_MODULES = YES;
				CLANG_ENABLE_OBJC_ARC = YES;
				CLANG_ENABLE_OBJC_WEAK = YES;
				CLANG_WARN_BLOCK_CAPTURE_AUTORELEASING = YES;
				CLANG_WARN_BOOL_CONVERSION = YES;
				CLANG_WARN_COMMA = YES;
				CLANG_WARN_CONSTANT_CONVERSION = YES;
				CLANG_WARN_DEPRECATED_OBJC_IMPLEMENTATIONS = YES;
				CLANG_WARN_DIRECT_OBJC_ISA_USAGE = YES_ERROR;
				CLANG_WARN_DOCUMENTATION_COMMENTS = YES;
				CLANG_WARN_EMPTY_BODY = YES;
				CLANG_WARN_ENUM_CONVERSION = YES;
				CLANG_WARN_INFINITE_RECURSION = YES;
				CLANG_WARN_INT_CONVERSION = YES;
				CLANG_WARN_NON_LITERAL_NULL_CONVERSION = YES;
				CLANG_WARN_OBJC_IMPLICIT_RETAIN_SELF = YES;
				CLANG_WARN_OBJC_LITERAL_CONVERSION = YES;
				CLANG_WARN_OBJC_ROOT_CLASS = YES_ERROR;
				CLANG_WARN_QUOTED_INCLUDE_IN_FRAMEWORK_HEADER = YES;
				CLANG_WARN_RANGE_LOOP_ANALYSIS = YES;
				CLANG_WARN_STRICT_PROTOTYPES = YES;
				CLANG_WARN_SUSPICIOUS_MOVE = YES;
				CLANG_WARN_UNGUARDED_AVAILABILITY = YES_AGGRESSIVE;
				CLANG_WARN_UNREACHABLE_CODE = YES;
				CLANG_WARN__DUPLICATE_METHOD_MATCH = YES;
				COPY_PHASE_STRIP = NO;
				DEBUG_INFORMATION_FORMAT = dwarf;
				ENABLE_STRICT_OBJC_MSGSEND = YES;
				ENABLE_TESTABILITY = YES;
				ENABLE_USER_SCRIPT_SANDBOXING = YES;
				GCC_C_LANGUAGE_STANDARD = gnu17;
				GCC_DYNAMIC_NO_PIC = NO;
				GCC_NO_COMMON_BLOCKS = YES;
				GCC_OPTIMIZATION_LEVEL = 0;
				GCC_PREPROCESSOR_DEFINITIONS = (
					"DEBUG=1",
					"$(inherited)",
				);
				GCC_WARN_64_TO_32_BIT_CONVERSION = YES;
				GCC_WARN_ABOUT_RETURN_TYPE = YES_ERROR;
				GCC_WARN_UNDECLARED_SELECTOR = YES;
				GCC_WARN_UNINITIALIZED_AUTOS = YES_AGGRESSIVE;
				GCC_WARN_UNUSED_FUNCTION = YES;
				GCC_WARN_UNUSED_VARIABLE = YES;
				IPHONEOS_DEPLOYMENT_TARGET = 17.0;
				LOCALIZATION_PREFERS_STRING_CATALOGS = YES;
				MTL_ENABLE_DEBUG_INFO = INCLUDE_SOURCE;
				MTL_FAST_MATH = YES;
				ONLY_ACTIVE_ARCH = YES;
				SDKROOT = iphoneos;
				SWIFT_ACTIVE_COMPILATION_CONDITIONS = "DEBUG $(inherited)";
				SWIFT_OPTIMIZATION_LEVEL = "-Onone";
			};
			name = Debug;
		};
		BBFC9DAD2BF9DE47005C1BFF /* Release */ = {
			isa = XCBuildConfiguration;
			buildSettings = {
				ALWAYS_SEARCH_USER_PATHS = NO;
				ASSETCATALOG_COMPILER_GENERATE_SWIFT_ASSET_SYMBOL_EXTENSIONS = YES;
				CLANG_ANALYZER_NONNULL = YES;
				CLANG_ANALYZER_NUMBER_OBJECT_CONVERSION = YES_AGGRESSIVE;
				CLANG_CXX_LANGUAGE_STANDARD = "gnu++20";
				CLANG_ENABLE_MODULES = YES;
				CLANG_ENABLE_OBJC_ARC = YES;
				CLANG_ENABLE_OBJC_WEAK = YES;
				CLANG_WARN_BLOCK_CAPTURE_AUTORELEASING = YES;
				CLANG_WARN_BOOL_CONVERSION = YES;
				CLANG_WARN_COMMA = YES;
				CLANG_WARN_CONSTANT_CONVERSION = YES;
				CLANG_WARN_DEPRECATED_OBJC_IMPLEMENTATIONS = YES;
				CLANG_WARN_DIRECT_OBJC_ISA_USAGE = YES_ERROR;
				CLANG_WARN_DOCUMENTATION_COMMENTS = YES;
				CLANG_WARN_EMPTY_BODY = YES;
				CLANG_WARN_ENUM_CONVERSION = YES;
				CLANG_WARN_INFINITE_RECURSION = YES;
				CLANG_WARN_INT_CONVERSION = YES;
				CLANG_WARN_NON_LITERAL_NULL_CONVERSION = YES;
				CLANG_WARN_OBJC_IMPLICIT_RETAIN_SELF = YES;
				CLANG_WARN_OBJC_LITERAL_CONVERSION = YES;
				CLANG_WARN_OBJC_ROOT_CLASS = YES_ERROR;
				CLANG_WARN_QUOTED_INCLUDE_IN_FRAMEWORK_HEADER = YES;
				CLANG_WARN_RANGE_LOOP_ANALYSIS = YES;
				CLANG_WARN_STRICT_PROTOTYPES = YES;
				CLANG_WARN_SUSPICIOUS_MOVE = YES;
				CLANG_WARN_UNGUARDED_AVAILABILITY = YES_AGGRESSIVE;
				CLANG_WARN_UNREACHABLE_CODE = YES;
				CLANG_WARN__DUPLICATE_METHOD_MATCH = YES;
				COPY_PHASE_STRIP = NO;
				DEBUG_INFORMATION_FORMAT = "dwarf-with-dsym";
				ENABLE_NS_ASSERTIONS = NO;
				ENABLE_STRICT_OBJC_MSGSEND = YES;
				ENABLE_USER_SCRIPT_SANDBOXING = YES;
				GCC_C_LANGUAGE_STANDARD = gnu17;
				GCC_NO_COMMON_BLOCKS = YES;
				GCC_WARN_64_TO_32_BIT_CONVERSION = YES;
				GCC_WARN_ABOUT_RETURN_TYPE = YES_ERROR;
				GCC_WARN_UNDECLARED_SELECTOR = YES;
				GCC_WARN_UNINITIALIZED_AUTOS = YES_AGGRESSIVE;
				GCC_WARN_UNUSED_FUNCTION = YES;
				GCC_WARN_UNUSED_VARIABLE = YES;
				IPHONEOS_DEPLOYMENT_TARGET = 17.0;
				LOCALIZATION_PREFERS_STRING_CATALOGS = YES;
				MTL_ENABLE_DEBUG_INFO = NO;
				MTL_FAST_MATH = YES;
				SDKROOT = iphoneos;
				SWIFT_COMPILATION_MODE = wholemodule;
				VALIDATE_PRODUCT = YES;
			};
			name = Release;
		};
		BBFC9DAF2BF9DE47005C1BFF /* Debug */ = {
			isa = XCBuildConfiguration;
			buildSettings = {
				ASSETCATALOG_COMPILER_APPICON_NAME = AppIcon;
				ASSETCATALOG_COMPILER_GLOBAL_ACCENT_COLOR_NAME = AccentColor;
				CODE_SIGN_STYLE = Manual;
				CURRENT_PROJECT_VERSION = 1;
				DEVELOPMENT_ASSET_PATHS = "\"hello_ios/Preview Content\"";
				DEVELOPMENT_TEAM = "";
				ENABLE_PREVIEWS = YES;
				GENERATE_INFOPLIST_FILE = YES;
				INFOPLIST_KEY_UIApplicationSceneManifest_Generation = YES;
				INFOPLIST_KEY_UIApplicationSupportsIndirectInputEvents = YES;
				INFOPLIST_KEY_UILaunchScreen_Generation = YES;
				INFOPLIST_KEY_UISupportedInterfaceOrientations_iPad = "UIInterfaceOrientationPortrait UIInterfaceOrientationPortraitUpsideDown UIInterfaceOrientationLandscapeLeft UIInterfaceOrientationLandscapeRight";
				INFOPLIST_KEY_UISupportedInterfaceOrientations_iPhone = "UIInterfaceOrientationPortrait UIInterfaceOrientationLandscapeLeft UIInterfaceOrientationLandscapeRight";
				LD_RUNPATH_SEARCH_PATHS = (
					"$(inherited)",
					"@executable_path/Frameworks",
				);
				MARKETING_VERSION = 1.0;
				PRODUCT_BUNDLE_IDENTIFIER = "com.mahfuznow.hello-ios";
				PRODUCT_NAME = "$(TARGET_NAME)";
				PROVISIONING_PROFILE_SPECIFIER = "";
				SWIFT_EMIT_LOC_STRINGS = YES;
				SWIFT_VERSION = 5.0;
				TARGETED_DEVICE_FAMILY = "1,2";
			};
			name = Debug;
		};
		BBFC9DB02BF9DE47005C1BFF /* Release */ = {
			isa = XCBuildConfiguration;
			buildSettings = {
				ASSETCATALOG_COMPILER_APPICON_NAME = AppIcon;
				ASSETCATALOG_COMPILER_GLOBAL_ACCENT_COLOR_NAME = AccentColor;
				CODE_SIGN_STYLE = Manual;
				CURRENT_PROJECT_VERSION = 1;
				DEVELOPMENT_ASSET_PATHS = "\"hello_ios/Preview Content\"";
				DEVELOPMENT_TEAM = "";
				ENABLE_PREVIEWS = YES;
				GENERATE_INFOPLIST_FILE = YES;
				INFOPLIST_KEY_UIApplicationSceneManifest_Generation = YES;
				INFOPLIST_KEY_UIApplicationSupportsIndirectInputEvents = YES;
				INFOPLIST_KEY_UILaunchScreen_Generation = YES;
				INFOPLIST_KEY_UISupportedInterfaceOrientations_iPad = "UIInterfaceOrientationPortrait UIInterfaceOrientationPortraitUpsideDown UIInterfaceOrientationLandscapeLeft UIInterfaceOrientationLandscapeRight";
				INFOPLIST_KEY_UISupportedInterfaceOrientations_iPhone = "UIInterfaceOrientationPortrait UIInterfaceOrientationLandscapeLeft UIInterfaceOrientationLandscapeRight";
				LD_RUNPATH_SEARCH_PATHS = (
					"$(inherited)",
					"@executable_path/Frameworks",
				);
				MARKETING_VERSION = 1.0;
				PRODUCT_BUNDLE_IDENTIFIER = "com.mahfuznow.hello-ios";
				PRODUCT_NAME = "$(TARGET_NAME)";
				PROVISIONING_PROFILE_SPECIFIER = "";
				SWIFT_EMIT_LOC_STRINGS = YES;
				SWIFT_VERSION = 5.0;
				TARGETED_DEVICE_FAMILY = "1,2";
			};
			name = Release;
		};
/* End XCBuildConfiguration section */

/* Begin XCConfigurationList section */
		BBFC9D9B2BF9DE46005C1BFF /* Build configuration list for PBXProject "hello_ios" */ = {
			isa = XCConfigurationList;
			buildConfigurations = (
				BBFC9DAC2BF9DE47005C1BFF /* Debug */,
				BBFC9DAD2BF9DE47005C1BFF /* Release */,
			);
			defaultConfigurationIsVisible = 0;
			defaultConfigurationName = Release;
		};
		BBFC9DAE2BF9DE47005C1BFF /* Build configuration list for PBXNativeTarget "hello_ios" */ = {
			isa = XCConfigurationList;
			buildConfigurations = (
				BBFC9DAF2BF9DE47005C1BFF /* Debug */,
				BBFC9DB02BF9DE47005C1BFF /* Release */,
			);
			defaultConfigurationIsVisible = 0;
			defaultConfigurationName = Release;
		};
/* End XCConfigurationList section */
	};
	rootObject = BBFC9D982BF9DE46005C1BFF /* Project object */;
}
